
Microsoft Visual Studio Solution File, Format Version 12.00
# Visual Studio Version 17
VisualStudioVersion = 17.5.33414.496
MinimumVisualStudioVersion = 10.0.40219.1
Project("{9A19103F-16F7-4668-BE54-9A1E7A4F7556}") = "Global.ExceptionHandler.ResponseWrapper.Api", "Global.ExceptionHandler.ResponseWrapper.Api\Global.ExceptionHandler.ResponseWrapper.Api.csproj", "{742D2628-82BA-4D80-A433-3F53888A5E5E}"
EndProject
Project("{9A19103F-16F7-4668-BE54-9A1E7A4F7556}") = "Global.ExceptionHandler.ResponseWrapper", "Global.ExceptionHandler.ResponseWrapper\Global.ExceptionHandler.ResponseWrapper.csproj", "{2F58FDC3-56C4-40BB-8A62-8ED36F312DBC}"
EndProject
Global
	GlobalSection(SolutionConfigurationPlatforms) = preSolution
		Debug|Any CPU = Debug|Any CPU
		Release|Any CPU = Release|Any CPU
	EndGlobalSection
	GlobalSection(ProjectConfigurationPlatforms) = postSolution
		{742D2628-82BA-4D80-A433-3F53888A5E5E}.Debug|Any CPU.ActiveCfg = Debug|Any CPU
		{742D2628-82BA-4D80-A433-3F53888A5E5E}.Debug|Any CPU.Build.0 = Debug|Any CPU
		{742D2628-82BA-4D80-A433-3F53888A5E5E}.Release|Any CPU.ActiveCfg = Release|Any CPU
		{742D2628-82BA-4D80-A433-3F53888A5E5E}.Release|Any CPU.Build.0 = Release|Any CPU
		{2F58FDC3-56C4-40BB-8A62-8ED36F312DBC}.Debug|Any CPU.ActiveCfg = Debug|Any CPU
		{2F58FDC3-56C4-40BB-8A62-8ED36F312DBC}.Debug|Any CPU.Build.0 = Debug|Any CPU
		{2F58FDC3-56C4-40BB-8A62-8ED36F312DBC}.Release|Any CPU.ActiveCfg = Release|Any CPU
		{2F58FDC3-56C4-40BB-8A62-8ED36F312DBC}.Release|Any CPU.Build.0 = Release|Any CPU
	EndGlobalSection
	GlobalSection(SolutionProperties) = preSolution
		HideSolutionNode = FALSE
	EndGlobalSection
	GlobalSection(ExtensibilityGlobals) = postSolution
		SolutionGuid = {65BBF0CE-58AD-4CD9-B3EB-CDA8F3BDD292}
	EndGlobalSection
EndGlobal
